
Microsoft Visual Studio Solution File, Format Version 12.00
# Visual Studio 2015
Project("{FAE04EC0-301F-11D3-BF4B-00C04F79EFBC}") = "happy_holiday", "happy_holiday.csproj", "{0FC72156-281F-9538-572A-5C489B96D352}"
EndProject
Project("{FAE04EC0-301F-11D3-BF4B-00C04F79EFBC}") = "happy_holiday.Editor", "happy_holiday.Editor.csproj", "{C00A1CFB-9602-8ABF-3D76-96E2F745C744}"
EndProject
Global
	GlobalSection(SolutionConfigurationPlatforms) = preSolution
		Debug|Any CPU = Debug|Any CPU
		Release|Any CPU = Release|Any CPU
	EndGlobalSection
	GlobalSection(ProjectConfigurationPlatforms) = postSolution
		{0FC72156-281F-9538-572A-5C489B96D352}.Debug|Any CPU.ActiveCfg = Debug|Any CPU
		{0FC72156-281F-9538-572A-5C489B96D352}.Debug|Any CPU.Build.0 = Debug|Any CPU
		{0FC72156-281F-9538-572A-5C489B96D352}.Release|Any CPU.ActiveCfg = Release|Any CPU
		{0FC72156-281F-9538-572A-5C489B96D352}.Release|Any CPU.Build.0 = Release|Any CPU
		{C00A1CFB-9602-8ABF-3D76-96E2F745C744}.Debug|Any CPU.ActiveCfg = Debug|Any CPU
		{C00A1CFB-9602-8ABF-3D76-96E2F745C744}.Debug|Any CPU.Build.0 = Debug|Any CPU
		{C00A1CFB-9602-8ABF-3D76-96E2F745C744}.Release|Any CPU.ActiveCfg = Release|Any CPU
		{C00A1CFB-9602-8ABF-3D76-96E2F745C744}.Release|Any CPU.Build.0 = Release|Any CPU
	EndGlobalSection
	GlobalSection(SolutionProperties) = preSolution
		HideSolutionNode = FALSE
	EndGlobalSection
EndGlobal
