Microsoft Visual Studio Solution File, Format Version 11.00
# Visual Studio 2008

Project("{CED52D29-7730-5F03-F3F9-003140590AC9}") = "happy_holiday", "Assembly-CSharp-firstpass.csproj", "{310BDEE9-AAF5-43CA-13EE-0D10DAE1916D}"
EndProject
Project("{CED52D29-7730-5F03-F3F9-003140590AC9}") = "happy_holiday", "Assembly-CSharp.csproj", "{2A1AB202-74EB-5B41-57FB-B3874CEF3865}"
EndProject
Project("{CED52D29-7730-5F03-F3F9-003140590AC9}") = "happy_holiday", "Assembly-CSharp-Editor-firstpass.csproj", "{2D0D79F0-E9DA-0ADA-EAAB-9FCBA8E1F409}"
EndProject
Project("{CED52D29-7730-5F03-F3F9-003140590AC9}") = "happy_holiday", "Assembly-CSharp-Editor.csproj", "{688371DF-741C-68BA-61C7-7B8698A9BA69}"
EndProject
Global
	GlobalSection(SolutionConfigurationPlatforms) = preSolution
		Debug|Any CPU = Debug|Any CPU
		Release|Any CPU = Release|Any CPU
	EndGlobalSection
	GlobalSection(ProjectConfigurationPlatforms) = postSolution
		{310BDEE9-AAF5-43CA-13EE-0D10DAE1916D}.Debug|Any CPU.ActiveCfg = Debug|Any CPU
		{310BDEE9-AAF5-43CA-13EE-0D10DAE1916D}.Debug|Any CPU.Build.0 = Debug|Any CPU
		{310BDEE9-AAF5-43CA-13EE-0D10DAE1916D}.Release|Any CPU.ActiveCfg = Release|Any CPU
		{310BDEE9-AAF5-43CA-13EE-0D10DAE1916D}.Release|Any CPU.Build.0 = Release|Any CPU
		{2A1AB202-74EB-5B41-57FB-B3874CEF3865}.Debug|Any CPU.ActiveCfg = Debug|Any CPU
		{2A1AB202-74EB-5B41-57FB-B3874CEF3865}.Debug|Any CPU.Build.0 = Debug|Any CPU
		{2A1AB202-74EB-5B41-57FB-B3874CEF3865}.Release|Any CPU.ActiveCfg = Release|Any CPU
		{2A1AB202-74EB-5B41-57FB-B3874CEF3865}.Release|Any CPU.Build.0 = Release|Any CPU
		{2D0D79F0-E9DA-0ADA-EAAB-9FCBA8E1F409}.Debug|Any CPU.ActiveCfg = Debug|Any CPU
		{2D0D79F0-E9DA-0ADA-EAAB-9FCBA8E1F409}.Debug|Any CPU.Build.0 = Debug|Any CPU
		{2D0D79F0-E9DA-0ADA-EAAB-9FCBA8E1F409}.Release|Any CPU.ActiveCfg = Release|Any CPU
		{2D0D79F0-E9DA-0ADA-EAAB-9FCBA8E1F409}.Release|Any CPU.Build.0 = Release|Any CPU
		{688371DF-741C-68BA-61C7-7B8698A9BA69}.Debug|Any CPU.ActiveCfg = Debug|Any CPU
		{688371DF-741C-68BA-61C7-7B8698A9BA69}.Debug|Any CPU.Build.0 = Debug|Any CPU
		{688371DF-741C-68BA-61C7-7B8698A9BA69}.Release|Any CPU.ActiveCfg = Release|Any CPU
		{688371DF-741C-68BA-61C7-7B8698A9BA69}.Release|Any CPU.Build.0 = Release|Any CPU
	EndGlobalSection
	GlobalSection(SolutionProperties) = preSolution
		HideSolutionNode = FALSE
	EndGlobalSection
	GlobalSection(MonoDevelopProperties) = preSolution
		StartupItem = Assembly-CSharp.csproj
	EndGlobalSection
EndGlobal
