
Microsoft Visual Studio Solution File, Format Version 12.00
# Visual Studio 2015
Project("{FAE04EC0-301F-11D3-BF4B-00C04F79EFBC}") = "text_text", "text_text.csproj", "{3A496B16-16B7-366B-5D3F-1D9BC3454501}"
EndProject
Project("{FAE04EC0-301F-11D3-BF4B-00C04F79EFBC}") = "text_text.Editor", "text_text.Editor.csproj", "{144BDD61-3B21-8036-DCEC-820374D35F0D}"
EndProject
Global
	GlobalSection(SolutionConfigurationPlatforms) = preSolution
		Debug|Any CPU = Debug|Any CPU
		Release|Any CPU = Release|Any CPU
	EndGlobalSection
	GlobalSection(ProjectConfigurationPlatforms) = postSolution
		{3A496B16-16B7-366B-5D3F-1D9BC3454501}.Debug|Any CPU.ActiveCfg = Debug|Any CPU
		{3A496B16-16B7-366B-5D3F-1D9BC3454501}.Debug|Any CPU.Build.0 = Debug|Any CPU
		{3A496B16-16B7-366B-5D3F-1D9BC3454501}.Release|Any CPU.ActiveCfg = Release|Any CPU
		{3A496B16-16B7-366B-5D3F-1D9BC3454501}.Release|Any CPU.Build.0 = Release|Any CPU
		{144BDD61-3B21-8036-DCEC-820374D35F0D}.Debug|Any CPU.ActiveCfg = Debug|Any CPU
		{144BDD61-3B21-8036-DCEC-820374D35F0D}.Debug|Any CPU.Build.0 = Debug|Any CPU
		{144BDD61-3B21-8036-DCEC-820374D35F0D}.Release|Any CPU.ActiveCfg = Release|Any CPU
		{144BDD61-3B21-8036-DCEC-820374D35F0D}.Release|Any CPU.Build.0 = Release|Any CPU
	EndGlobalSection
	GlobalSection(SolutionProperties) = preSolution
		HideSolutionNode = FALSE
	EndGlobalSection
EndGlobal
